// !$*UTF8*$!
{
	archiveVersion = 1;
	classes = {
	};
	objectVersion = 50;
	objects = {

/* Begin PBXBuildFile section */
		599D6E2021897ECD00FD93BD /* cbpool.c in Sources */ = {isa = PBXBuildFile; fileRef = 599D6E1521897DA200FD93BD /* cbpool.c */; };
		599D6E2121897ECD00FD93BD /* chash.c in Sources */ = {isa = PBXBuildFile; fileRef = 599D6E1121897DA200FD93BD /* chash.c */; };
		599D6E2221897ECD00FD93BD /* coat.c in Sources */ = {isa = PBXBuildFile; fileRef = 599D6E0C21897DA100FD93BD /* coat.c */; };
		599D6E2321897ECD00FD93BD /* cpool.c in Sources */ = {isa = PBXBuildFile; fileRef = 599D6E0B21897DA100FD93BD /* cpool.c */; };
		599D6E2421897ECD00FD93BD /* cqueue.c in Sources */ = {isa = PBXBuildFile; fileRef = 599D6E0E21897DA100FD93BD /* cqueue.c */; };
		599D6E2521897ECD00FD93BD /* cvector.c in Sources */ = {isa = PBXBuildFile; fileRef = 599D6E1721897DA200FD93BD /* cvector.c */; };
		59AECEE2218989D300E12D02 /* DevServer.c in Sources */ = {isa = PBXBuildFile; fileRef = 59AECEE1218989D300E12D02 /* DevServer.c */; };
		59AECEE521898E6200E12D02 /* StringOperations.c in Sources */ = {isa = PBXBuildFile; fileRef = 59AECEE421898E6200E12D02 /* StringOperations.c */; };
		59AECEE9218DBD1E00E12D02 /* ProcessTable.c in Sources */ = {isa = PBXBuildFile; fileRef = 59AECEE8218DBD1D00E12D02 /* ProcessTable.c */; };
		59AED244218E1A0D00E12D02 /* list.c in Sources */ = {isa = PBXBuildFile; fileRef = 59AED243218E1A0D00E12D02 /* list.c */; };
		59AED249218E1B9000E12D02 /* Process.c in Sources */ = {isa = PBXBuildFile; fileRef = 59AED248218E1B9000E12D02 /* Process.c */; };
		59AED24F218E259700E12D02 /* Init_UnitTests.c in Sources */ = {isa = PBXBuildFile; fileRef = 59AED24D218E259700E12D02 /* Init_UnitTests.c */; };
		59AED252218E25AC00E12D02 /* FileServer_UnitTests.c in Sources */ = {isa = PBXBuildFile; fileRef = 59AED251218E25AC00E12D02 /* FileServer_UnitTests.c */; };
		59AED25A218E2CCB00E12D02 /* timeout.c in Sources */ = {isa = PBXBuildFile; fileRef = 59AED254218E2CCB00E12D02 /* timeout.c */; };
		59AED25B218E2CCB00E12D02 /* TimersWheel.c in Sources */ = {isa = PBXBuildFile; fileRef = 59AED255218E2CCB00E12D02 /* TimersWheel.c */; };
		59AED25C218E2CCB00E12D02 /* timeout-bitops.c in Sources */ = {isa = PBXBuildFile; fileRef = 59AED257218E2CCB00E12D02 /* timeout-bitops.c */; };
		59AED25F218E2CE300E12D02 /* TimersWheel_UnitTests.c in Sources */ = {isa = PBXBuildFile; fileRef = 59AED25E218E2CE300E12D02 /* TimersWheel_UnitTests.c */; };
		59E99DE32187078E00805C68 /* main.c in Sources */ = {isa = PBXBuildFile; fileRef = 59E99DE12187078E00805C68 /* main.c */; };
		59E99DE42187078E00805C68 /* FileServer.c in Sources */ = {isa = PBXBuildFile; fileRef = 59E99DE22187078E00805C68 /* FileServer.c */; };
		59E99DE721870FCB00805C68 /* fs.c in Sources */ = {isa = PBXBuildFile; fileRef = 59E99DE621870FCB00805C68 /* fs.c */; };
/* End PBXBuildFile section */

/* Begin PBXCopyFilesBuildPhase section */
		59E99DCD218703FF00805C68 /* CopyFiles */ = {
			isa = PBXCopyFilesBuildPhase;
			buildActionMask = 2147483647;
			dstPath = /usr/share/man/man1/;
			dstSubfolderSpec = 0;
			files = (
			);
			runOnlyForDeploymentPostprocessing = 1;
		};
/* End PBXCopyFilesBuildPhase section */

/* Begin PBXFileReference section */
		599D6E0B21897DA100FD93BD /* cpool.c */ = {isa = PBXFileReference; fileEncoding = 4; lastKnownFileType = sourcecode.c.c; name = cpool.c; path = ../../libdatastruct/src/cpool.c; sourceTree = "<group>"; };
		599D6E0C21897DA100FD93BD /* coat.c */ = {isa = PBXFileReference; fileEncoding = 4; lastKnownFileType = sourcecode.c.c; name = coat.c; path = ../../libdatastruct/src/coat.c; sourceTree = "<group>"; };
		599D6E0D21897DA100FD93BD /* coat.h */ = {isa = PBXFileReference; fileEncoding = 4; lastKnownFileType = sourcecode.c.h; name = coat.h; path = ../../libdatastruct/include/data_struct/coat.h; sourceTree = "<group>"; };
		599D6E0E21897DA100FD93BD /* cqueue.c */ = {isa = PBXFileReference; fileEncoding = 4; lastKnownFileType = sourcecode.c.c; name = cqueue.c; path = ../../libdatastruct/src/cqueue.c; sourceTree = "<group>"; };
		599D6E0F21897DA100FD93BD /* cvector.h */ = {isa = PBXFileReference; fileEncoding = 4; lastKnownFileType = sourcecode.c.h; name = cvector.h; path = ../../libdatastruct/include/data_struct/cvector.h; sourceTree = "<group>"; };
		599D6E1021897DA100FD93BD /* csstring.h */ = {isa = PBXFileReference; fileEncoding = 4; lastKnownFileType = sourcecode.c.h; name = csstring.h; path = ../../libdatastruct/include/data_struct/csstring.h; sourceTree = "<group>"; };
		599D6E1121897DA200FD93BD /* chash.c */ = {isa = PBXFileReference; fileEncoding = 4; lastKnownFileType = sourcecode.c.c; name = chash.c; path = ../../libdatastruct/src/chash.c; sourceTree = "<group>"; };
		599D6E1221897DA200FD93BD /* cqueue.h */ = {isa = PBXFileReference; fileEncoding = 4; lastKnownFileType = sourcecode.c.h; name = cqueue.h; path = ../../libdatastruct/include/data_struct/cqueue.h; sourceTree = "<group>"; };
		599D6E1321897DA200FD93BD /* cmacros.h */ = {isa = PBXFileReference; fileEncoding = 4; lastKnownFileType = sourcecode.c.h; name = cmacros.h; path = ../../libdatastruct/include/data_struct/cmacros.h; sourceTree = "<group>"; };
		599D6E1421897DA200FD93BD /* cbpool.h */ = {isa = PBXFileReference; fileEncoding = 4; lastKnownFileType = sourcecode.c.h; name = cbpool.h; path = ../../libdatastruct/include/data_struct/cbpool.h; sourceTree = "<group>"; };
		599D6E1521897DA200FD93BD /* cbpool.c */ = {isa = PBXFileReference; fileEncoding = 4; lastKnownFileType = sourcecode.c.c; name = cbpool.c; path = ../../libdatastruct/src/cbpool.c; sourceTree = "<group>"; };
		599D6E1621897DA200FD93BD /* cpool.h */ = {isa = PBXFileReference; fileEncoding = 4; lastKnownFileType = sourcecode.c.h; name = cpool.h; path = ../../libdatastruct/include/data_struct/cpool.h; sourceTree = "<group>"; };
		599D6E1721897DA200FD93BD /* cvector.c */ = {isa = PBXFileReference; fileEncoding = 4; lastKnownFileType = sourcecode.c.c; name = cvector.c; path = ../../libdatastruct/src/cvector.c; sourceTree = "<group>"; };
		599D6E1821897DA200FD93BD /* chash.h */ = {isa = PBXFileReference; fileEncoding = 4; lastKnownFileType = sourcecode.c.h; name = chash.h; path = ../../libdatastruct/include/data_struct/chash.h; sourceTree = "<group>"; };
		59AECEE0218989D300E12D02 /* DevServer.h */ = {isa = PBXFileReference; lastKnownFileType = sourcecode.c.h; name = DevServer.h; path = ../src/DevServer.h; sourceTree = "<group>"; };
		59AECEE1218989D300E12D02 /* DevServer.c */ = {isa = PBXFileReference; lastKnownFileType = sourcecode.c.c; name = DevServer.c; path = ../src/DevServer.c; sourceTree = "<group>"; };
		59AECEE321898E6200E12D02 /* StringOperations.h */ = {isa = PBXFileReference; lastKnownFileType = sourcecode.c.h; name = StringOperations.h; path = ../src/StringOperations.h; sourceTree = "<group>"; };
		59AECEE421898E6200E12D02 /* StringOperations.c */ = {isa = PBXFileReference; lastKnownFileType = sourcecode.c.c; name = StringOperations.c; path = ../src/StringOperations.c; sourceTree = "<group>"; };
		59AECEE62189913F00E12D02 /* ProcessDef.h */ = {isa = PBXFileReference; lastKnownFileType = sourcecode.c.h; name = ProcessDef.h; path = ../src/ProcessDef.h; sourceTree = "<group>"; };
		59AECEE7218DBD1D00E12D02 /* ProcessTable.h */ = {isa = PBXFileReference; fileEncoding = 4; lastKnownFileType = sourcecode.c.h; name = ProcessTable.h; path = ../src/ProcessTable.h; sourceTree = "<group>"; };
		59AECEE8218DBD1D00E12D02 /* ProcessTable.c */ = {isa = PBXFileReference; fileEncoding = 4; lastKnownFileType = sourcecode.c.c; name = ProcessTable.c; path = ../src/ProcessTable.c; sourceTree = "<group>"; };
		59AECEED218DC84300E12D02 /* simple.h */ = {isa = PBXFileReference; lastKnownFileType = sourcecode.c.h; path = simple.h; sourceTree = "<group>"; };
		59AECEEF218DC84300E12D02 /* process.h */ = {isa = PBXFileReference; lastKnownFileType = sourcecode.c.h; path = process.h; sourceTree = "<group>"; };
		59AECEF1218DC84300E12D02 /* bootinfo.h */ = {isa = PBXFileReference; lastKnownFileType = sourcecode.c.h; path = bootinfo.h; sourceTree = "<group>"; };
		59AECEF2218DC84300E12D02 /* timer.h */ = {isa = PBXFileReference; lastKnownFileType = sourcecode.c.h; path = timer.h; sourceTree = "<group>"; };
		59AECEF3218DC84300E12D02 /* io.h */ = {isa = PBXFileReference; lastKnownFileType = sourcecode.c.h; path = io.h; sourceTree = "<group>"; };
		59AECEF5218DC84300E12D02 /* chardev.h */ = {isa = PBXFileReference; lastKnownFileType = sourcecode.c.h; path = chardev.h; sourceTree = "<group>"; };
		59AECEF7218DC84300E12D02 /* vka.h */ = {isa = PBXFileReference; lastKnownFileType = sourcecode.c.h; path = vka.h; sourceTree = "<group>"; };
		59AED242218E1A0D00E12D02 /* list.h */ = {isa = PBXFileReference; fileEncoding = 4; lastKnownFileType = sourcecode.c.h; name = list.h; path = util_libs/libutils/include/utils/list.h; sourceTree = "<group>"; };
		59AED243218E1A0D00E12D02 /* list.c */ = {isa = PBXFileReference; fileEncoding = 4; lastKnownFileType = sourcecode.c.c; name = list.c; path = util_libs/libutils/src/list.c; sourceTree = "<group>"; };
		59AED248218E1B9000E12D02 /* Process.c */ = {isa = PBXFileReference; fileEncoding = 4; lastKnownFileType = sourcecode.c.c; name = Process.c; path = ../src/Process.c; sourceTree = "<group>"; };
		59AED24A218E1BD400E12D02 /* SysCallNum.h */ = {isa = PBXFileReference; lastKnownFileType = sourcecode.c.h; name = SysCallNum.h; path = ../../libSysCall/include/SysCallNum.h; sourceTree = "<group>"; };
		59AED24B218E1D6F00E12D02 /* Sofa.h */ = {isa = PBXFileReference; lastKnownFileType = sourcecode.c.h; name = Sofa.h; path = ../src/Sofa.h; sourceTree = "<group>"; };
		59AED24D218E259700E12D02 /* Init_UnitTests.c */ = {isa = PBXFileReference; fileEncoding = 4; lastKnownFileType = sourcecode.c.c; path = Init_UnitTests.c; sourceTree = "<group>"; };
		59AED24E218E259700E12D02 /* Init_UnitTests.h */ = {isa = PBXFileReference; fileEncoding = 4; lastKnownFileType = sourcecode.c.h; path = Init_UnitTests.h; sourceTree = "<group>"; };
		59AED250218E25AC00E12D02 /* FileServer_UnitTests.h */ = {isa = PBXFileReference; lastKnownFileType = sourcecode.c.h; path = FileServer_UnitTests.h; sourceTree = "<group>"; };
		59AED251218E25AC00E12D02 /* FileServer_UnitTests.c */ = {isa = PBXFileReference; lastKnownFileType = sourcecode.c.c; path = FileServer_UnitTests.c; sourceTree = "<group>"; };
		59AED254218E2CCB00E12D02 /* timeout.c */ = {isa = PBXFileReference; fileEncoding = 4; lastKnownFileType = sourcecode.c.c; path = timeout.c; sourceTree = "<group>"; };
		59AED255218E2CCB00E12D02 /* TimersWheel.c */ = {isa = PBXFileReference; fileEncoding = 4; lastKnownFileType = sourcecode.c.c; path = TimersWheel.c; sourceTree = "<group>"; };
		59AED256218E2CCB00E12D02 /* TimersWheel.h */ = {isa = PBXFileReference; fileEncoding = 4; lastKnownFileType = sourcecode.c.h; path = TimersWheel.h; sourceTree = "<group>"; };
		59AED257218E2CCB00E12D02 /* timeout-bitops.c */ = {isa = PBXFileReference; fileEncoding = 4; lastKnownFileType = sourcecode.c.c; path = "timeout-bitops.c"; sourceTree = "<group>"; };
		59AED258218E2CCB00E12D02 /* timeout.h */ = {isa = PBXFileReference; fileEncoding = 4; lastKnownFileType = sourcecode.c.h; path = timeout.h; sourceTree = "<group>"; };
		59AED259218E2CCB00E12D02 /* queue.h */ = {isa = PBXFileReference; fileEncoding = 4; lastKnownFileType = sourcecode.c.h; path = queue.h; sourceTree = "<group>"; };
		59AED25D218E2CE300E12D02 /* TimersWheel_UnitTests.h */ = {isa = PBXFileReference; lastKnownFileType = sourcecode.c.h; path = TimersWheel_UnitTests.h; sourceTree = "<group>"; };
		59AED25E218E2CE300E12D02 /* TimersWheel_UnitTests.c */ = {isa = PBXFileReference; lastKnownFileType = sourcecode.c.c; path = TimersWheel_UnitTests.c; sourceTree = "<group>"; };
		59E99DCF218703FF00805C68 /* DevelSofaInit */ = {isa = PBXFileReference; explicitFileType = "compiled.mach-o.executable"; includeInIndex = 0; path = DevelSofaInit; sourceTree = BUILT_PRODUCTS_DIR; };
		59E99DE02187078E00805C68 /* FileServer.h */ = {isa = PBXFileReference; fileEncoding = 4; lastKnownFileType = sourcecode.c.h; name = FileServer.h; path = ../src/FileServer.h; sourceTree = "<group>"; };
		59E99DE12187078E00805C68 /* main.c */ = {isa = PBXFileReference; fileEncoding = 4; lastKnownFileType = sourcecode.c.c; path = main.c; sourceTree = "<group>"; };
		59E99DE22187078E00805C68 /* FileServer.c */ = {isa = PBXFileReference; fileEncoding = 4; lastKnownFileType = sourcecode.c.c; name = FileServer.c; path = ../src/FileServer.c; sourceTree = "<group>"; };
		59E99DE521870FCB00805C68 /* fs.h */ = {isa = PBXFileReference; lastKnownFileType = sourcecode.c.h; name = fs.h; path = ../src/fs.h; sourceTree = "<group>"; };
		59E99DE621870FCB00805C68 /* fs.c */ = {isa = PBXFileReference; lastKnownFileType = sourcecode.c.c; name = fs.c; path = ../src/fs.c; sourceTree = "<group>"; };
/* End PBXFileReference section */

/* Begin PBXFrameworksBuildPhase section */
		59E99DCC218703FF00805C68 /* Frameworks */ = {
			isa = PBXFrameworksBuildPhase;
			buildActionMask = 2147483647;
			files = (
			);
			runOnlyForDeploymentPostprocessing = 0;
		};
/* End PBXFrameworksBuildPhase section */

/* Begin PBXGroup section */
		599D6E1F21897DA700FD93BD /* libdatastruct */ = {
			isa = PBXGroup;
			children = (
				599D6E1521897DA200FD93BD /* cbpool.c */,
				599D6E1421897DA200FD93BD /* cbpool.h */,
				599D6E1121897DA200FD93BD /* chash.c */,
				599D6E1821897DA200FD93BD /* chash.h */,
				599D6E1321897DA200FD93BD /* cmacros.h */,
				599D6E0C21897DA100FD93BD /* coat.c */,
				599D6E0D21897DA100FD93BD /* coat.h */,
				599D6E0B21897DA100FD93BD /* cpool.c */,
				599D6E1621897DA200FD93BD /* cpool.h */,
				599D6E0E21897DA100FD93BD /* cqueue.c */,
				599D6E1221897DA200FD93BD /* cqueue.h */,
				599D6E1021897DA100FD93BD /* csstring.h */,
				599D6E1721897DA200FD93BD /* cvector.c */,
				599D6E0F21897DA100FD93BD /* cvector.h */,
			);
			name = libdatastruct;
			sourceTree = "<group>";
		};
		59AECEEB218DC84300E12D02 /* Sel4_Stubs */ = {
			isa = PBXGroup;
			children = (
				59AED243218E1A0D00E12D02 /* list.c */,
				59AED242218E1A0D00E12D02 /* list.h */,
				59AECEEC218DC84300E12D02 /* simple */,
				59AECEEE218DC84300E12D02 /* sel4utils */,
				59AECEF0218DC84300E12D02 /* sel4platsupport */,
				59AECEF4218DC84300E12D02 /* platsupport */,
				59AECEF6218DC84300E12D02 /* allocman */,
			);
			path = Sel4_Stubs;
			sourceTree = "<group>";
		};
		59AECEEC218DC84300E12D02 /* simple */ = {
			isa = PBXGroup;
			children = (
				59AECEED218DC84300E12D02 /* simple.h */,
			);
			path = simple;
			sourceTree = "<group>";
		};
		59AECEEE218DC84300E12D02 /* sel4utils */ = {
			isa = PBXGroup;
			children = (
				59AECEEF218DC84300E12D02 /* process.h */,
			);
			path = sel4utils;
			sourceTree = "<group>";
		};
		59AECEF0218DC84300E12D02 /* sel4platsupport */ = {
			isa = PBXGroup;
			children = (
				59AECEF1218DC84300E12D02 /* bootinfo.h */,
				59AECEF2218DC84300E12D02 /* timer.h */,
				59AECEF3218DC84300E12D02 /* io.h */,
			);
			path = sel4platsupport;
			sourceTree = "<group>";
		};
		59AECEF4218DC84300E12D02 /* platsupport */ = {
			isa = PBXGroup;
			children = (
				59AECEF5218DC84300E12D02 /* chardev.h */,
			);
			path = platsupport;
			sourceTree = "<group>";
		};
		59AECEF6218DC84300E12D02 /* allocman */ = {
			isa = PBXGroup;
			children = (
				59AECEF7218DC84300E12D02 /* vka.h */,
			);
			path = allocman;
			sourceTree = "<group>";
		};
		59AED24C218E259700E12D02 /* UnitTests */ = {
			isa = PBXGroup;
			children = (
				59AED25D218E2CE300E12D02 /* TimersWheel_UnitTests.h */,
				59AED25E218E2CE300E12D02 /* TimersWheel_UnitTests.c */,
				59AED250218E25AC00E12D02 /* FileServer_UnitTests.h */,
				59AED251218E25AC00E12D02 /* FileServer_UnitTests.c */,
				59AED24D218E259700E12D02 /* Init_UnitTests.c */,
				59AED24E218E259700E12D02 /* Init_UnitTests.h */,
			);
			path = UnitTests;
			sourceTree = "<group>";
		};
		59AED253218E2CCB00E12D02 /* TimerWheel */ = {
			isa = PBXGroup;
			children = (
				59AED254218E2CCB00E12D02 /* timeout.c */,
				59AED255218E2CCB00E12D02 /* TimersWheel.c */,
				59AED256218E2CCB00E12D02 /* TimersWheel.h */,
				59AED257218E2CCB00E12D02 /* timeout-bitops.c */,
				59AED258218E2CCB00E12D02 /* timeout.h */,
				59AED259218E2CCB00E12D02 /* queue.h */,
			);
			name = TimerWheel;
			path = ../src/TimerWheel;
			sourceTree = "<group>";
		};
		59E99DC6218703FF00805C68 = {
			isa = PBXGroup;
			children = (
				59AED253218E2CCB00E12D02 /* TimerWheel */,
				59AED24A218E1BD400E12D02 /* SysCallNum.h */,
				59AECEEB218DC84300E12D02 /* Sel4_Stubs */,
				59E99DE12187078E00805C68 /* main.c */,
				59AED24C218E259700E12D02 /* UnitTests */,
				59AED24B218E1D6F00E12D02 /* Sofa.h */,
				59AECEE8218DBD1D00E12D02 /* ProcessTable.c */,
				59AECEE7218DBD1D00E12D02 /* ProcessTable.h */,
				59AECEE62189913F00E12D02 /* ProcessDef.h */,
				59AED248218E1B9000E12D02 /* Process.c */,
				59E99DE22187078E00805C68 /* FileServer.c */,
				59E99DE02187078E00805C68 /* FileServer.h */,
				59E99DE521870FCB00805C68 /* fs.h */,
				59E99DE621870FCB00805C68 /* fs.c */,
				59AECEE321898E6200E12D02 /* StringOperations.h */,
				59AECEE421898E6200E12D02 /* StringOperations.c */,
				59AECEE0218989D300E12D02 /* DevServer.h */,
				59AECEE1218989D300E12D02 /* DevServer.c */,
				599D6E1F21897DA700FD93BD /* libdatastruct */,
				59E99DD0218703FF00805C68 /* Products */,
			);
			sourceTree = "<group>";
		};
		59E99DD0218703FF00805C68 /* Products */ = {
			isa = PBXGroup;
			children = (
				59E99DCF218703FF00805C68 /* DevelSofaInit */,
			);
			name = Products;
			sourceTree = "<group>";
		};
/* End PBXGroup section */

/* Begin PBXNativeTarget section */
		59E99DCE218703FF00805C68 /* DevelSofaInit */ = {
			isa = PBXNativeTarget;
			buildConfigurationList = 59E99DD6218703FF00805C68 /* Build configuration list for PBXNativeTarget "DevelSofaInit" */;
			buildPhases = (
				59E99DCB218703FF00805C68 /* Sources */,
				59E99DCC218703FF00805C68 /* Frameworks */,
				59E99DCD218703FF00805C68 /* CopyFiles */,
			);
			buildRules = (
			);
			dependencies = (
			);
			name = DevelSofaInit;
			productName = DevelSofaInit;
			productReference = 59E99DCF218703FF00805C68 /* DevelSofaInit */;
			productType = "com.apple.product-type.tool";
		};
/* End PBXNativeTarget section */

/* Begin PBXProject section */
		59E99DC7218703FF00805C68 /* Project object */ = {
			isa = PBXProject;
			attributes = {
				LastUpgradeCheck = 1000;
				ORGANIZATIONNAME = "Manuel Deneu";
				TargetAttributes = {
					59E99DCE218703FF00805C68 = {
						CreatedOnToolsVersion = 10.0;
					};
				};
			};
			buildConfigurationList = 59E99DCA218703FF00805C68 /* Build configuration list for PBXProject "DevelSofaInit" */;
			compatibilityVersion = "Xcode 9.3";
			developmentRegion = en;
			hasScannedForEncodings = 0;
			knownRegions = (
				en,
			);
			mainGroup = 59E99DC6218703FF00805C68;
			productRefGroup = 59E99DD0218703FF00805C68 /* Products */;
			projectDirPath = "";
			projectRoot = "";
			targets = (
				59E99DCE218703FF00805C68 /* DevelSofaInit */,
			);
		};
/* End PBXProject section */

/* Begin PBXSourcesBuildPhase section */
		59E99DCB218703FF00805C68 /* Sources */ = {
			isa = PBXSourcesBuildPhase;
			buildActionMask = 2147483647;
			files = (
				59AED252218E25AC00E12D02 /* FileServer_UnitTests.c in Sources */,
				59AED25B218E2CCB00E12D02 /* TimersWheel.c in Sources */,
				59AED249218E1B9000E12D02 /* Process.c in Sources */,
				59AED244218E1A0D00E12D02 /* list.c in Sources */,
				599D6E2521897ECD00FD93BD /* cvector.c in Sources */,
				59AECEE521898E6200E12D02 /* StringOperations.c in Sources */,
				59AED25C218E2CCB00E12D02 /* timeout-bitops.c in Sources */,
				599D6E2221897ECD00FD93BD /* coat.c in Sources */,
				59AED24F218E259700E12D02 /* Init_UnitTests.c in Sources */,
				59AECEE2218989D300E12D02 /* DevServer.c in Sources */,
				599D6E2421897ECD00FD93BD /* cqueue.c in Sources */,
				599D6E2321897ECD00FD93BD /* cpool.c in Sources */,
				599D6E2021897ECD00FD93BD /* cbpool.c in Sources */,
				59E99DE721870FCB00805C68 /* fs.c in Sources */,
				599D6E2121897ECD00FD93BD /* chash.c in Sources */,
				59E99DE42187078E00805C68 /* FileServer.c in Sources */,
				59AECEE9218DBD1E00E12D02 /* ProcessTable.c in Sources */,
				59AED25A218E2CCB00E12D02 /* timeout.c in Sources */,
				59E99DE32187078E00805C68 /* main.c in Sources */,
				59AED25F218E2CE300E12D02 /* TimersWheel_UnitTests.c in Sources */,
			);
			runOnlyForDeploymentPostprocessing = 0;
		};
/* End PBXSourcesBuildPhase section */

/* Begin XCBuildConfiguration section */
		59E99DD4218703FF00805C68 /* Debug */ = {
			isa = XCBuildConfiguration;
			buildSettings = {
				ALWAYS_SEARCH_USER_PATHS = NO;
				CLANG_ANALYZER_NONNULL = YES;
				CLANG_ANALYZER_NUMBER_OBJECT_CONVERSION = YES_AGGRESSIVE;
				CLANG_CXX_LANGUAGE_STANDARD = "gnu++14";
				CLANG_CXX_LIBRARY = "libc++";
				CLANG_ENABLE_MODULES = YES;
				CLANG_ENABLE_OBJC_ARC = YES;
				CLANG_ENABLE_OBJC_WEAK = YES;
				CLANG_WARN_BLOCK_CAPTURE_AUTORELEASING = YES;
				CLANG_WARN_BOOL_CONVERSION = YES;
				CLANG_WARN_COMMA = YES;
				CLANG_WARN_CONSTANT_CONVERSION = YES;
				CLANG_WARN_DEPRECATED_OBJC_IMPLEMENTATIONS = YES;
				CLANG_WARN_DIRECT_OBJC_ISA_USAGE = YES_ERROR;
				CLANG_WARN_DOCUMENTATION_COMMENTS = YES;
				CLANG_WARN_EMPTY_BODY = YES;
				CLANG_WARN_ENUM_CONVERSION = YES;
				CLANG_WARN_FLOAT_CONVERSION = YES;
				CLANG_WARN_IMPLICIT_SIGN_CONVERSION = YES;
				CLANG_WARN_INFINITE_RECURSION = YES;
				CLANG_WARN_INT_CONVERSION = YES;
				CLANG_WARN_NON_LITERAL_NULL_CONVERSION = YES;
				CLANG_WARN_OBJC_IMPLICIT_RETAIN_SELF = YES;
				CLANG_WARN_OBJC_LITERAL_CONVERSION = YES;
				CLANG_WARN_OBJC_ROOT_CLASS = YES_ERROR;
				CLANG_WARN_RANGE_LOOP_ANALYSIS = YES;
				CLANG_WARN_STRICT_PROTOTYPES = YES;
				CLANG_WARN_SUSPICIOUS_IMPLICIT_CONVERSION = YES;
				CLANG_WARN_SUSPICIOUS_MOVE = YES;
				CLANG_WARN_UNGUARDED_AVAILABILITY = YES_AGGRESSIVE;
				CLANG_WARN_UNREACHABLE_CODE = YES;
				CLANG_WARN__DUPLICATE_METHOD_MATCH = YES;
				CODE_SIGN_IDENTITY = "Mac Developer";
				COPY_PHASE_STRIP = NO;
				DEBUG_INFORMATION_FORMAT = dwarf;
				ENABLE_STRICT_OBJC_MSGSEND = YES;
				ENABLE_TESTABILITY = YES;
				GCC_C_LANGUAGE_STANDARD = gnu11;
				GCC_DYNAMIC_NO_PIC = NO;
				GCC_NO_COMMON_BLOCKS = YES;
				GCC_OPTIMIZATION_LEVEL = 0;
				GCC_PREPROCESSOR_DEFINITIONS = (
					"DEBUG=1",
					"$(inherited)",
				);
				GCC_WARN_64_TO_32_BIT_CONVERSION = YES;
				GCC_WARN_ABOUT_RETURN_TYPE = YES_ERROR;
				GCC_WARN_SHADOW = YES;
				GCC_WARN_UNDECLARED_SELECTOR = YES;
				GCC_WARN_UNINITIALIZED_AUTOS = YES_AGGRESSIVE;
				GCC_WARN_UNUSED_FUNCTION = YES;
				GCC_WARN_UNUSED_VARIABLE = YES;
				MACOSX_DEPLOYMENT_TARGET = 10.14;
				MTL_ENABLE_DEBUG_INFO = INCLUDE_SOURCE;
				MTL_FAST_MATH = YES;
				ONLY_ACTIVE_ARCH = YES;
				SDKROOT = macosx;
			};
			name = Debug;
		};
		59E99DD5218703FF00805C68 /* Release */ = {
			isa = XCBuildConfiguration;
			buildSettings = {
				ALWAYS_SEARCH_USER_PATHS = NO;
				CLANG_ANALYZER_NONNULL = YES;
				CLANG_ANALYZER_NUMBER_OBJECT_CONVERSION = YES_AGGRESSIVE;
				CLANG_CXX_LANGUAGE_STANDARD = "gnu++14";
				CLANG_CXX_LIBRARY = "libc++";
				CLANG_ENABLE_MODULES = YES;
				CLANG_ENABLE_OBJC_ARC = YES;
				CLANG_ENABLE_OBJC_WEAK = YES;
				CLANG_WARN_BLOCK_CAPTURE_AUTORELEASING = YES;
				CLANG_WARN_BOOL_CONVERSION = YES;
				CLANG_WARN_COMMA = YES;
				CLANG_WARN_CONSTANT_CONVERSION = YES;
				CLANG_WARN_DEPRECATED_OBJC_IMPLEMENTATIONS = YES;
				CLANG_WARN_DIRECT_OBJC_ISA_USAGE = YES_ERROR;
				CLANG_WARN_DOCUMENTATION_COMMENTS = YES;
				CLANG_WARN_EMPTY_BODY = YES;
				CLANG_WARN_ENUM_CONVERSION = YES;
				CLANG_WARN_FLOAT_CONVERSION = YES;
				CLANG_WARN_IMPLICIT_SIGN_CONVERSION = YES;
				CLANG_WARN_INFINITE_RECURSION = YES;
				CLANG_WARN_INT_CONVERSION = YES;
				CLANG_WARN_NON_LITERAL_NULL_CONVERSION = YES;
				CLANG_WARN_OBJC_IMPLICIT_RETAIN_SELF = YES;
				CLANG_WARN_OBJC_LITERAL_CONVERSION = YES;
				CLANG_WARN_OBJC_ROOT_CLASS = YES_ERROR;
				CLANG_WARN_RANGE_LOOP_ANALYSIS = YES;
				CLANG_WARN_STRICT_PROTOTYPES = YES;
				CLANG_WARN_SUSPICIOUS_IMPLICIT_CONVERSION = YES;
				CLANG_WARN_SUSPICIOUS_MOVE = YES;
				CLANG_WARN_UNGUARDED_AVAILABILITY = YES_AGGRESSIVE;
				CLANG_WARN_UNREACHABLE_CODE = YES;
				CLANG_WARN__DUPLICATE_METHOD_MATCH = YES;
				CODE_SIGN_IDENTITY = "Mac Developer";
				COPY_PHASE_STRIP = NO;
				DEBUG_INFORMATION_FORMAT = "dwarf-with-dsym";
				ENABLE_NS_ASSERTIONS = NO;
				ENABLE_STRICT_OBJC_MSGSEND = YES;
				GCC_C_LANGUAGE_STANDARD = gnu11;
				GCC_NO_COMMON_BLOCKS = YES;
				GCC_WARN_64_TO_32_BIT_CONVERSION = YES;
				GCC_WARN_ABOUT_RETURN_TYPE = YES_ERROR;
				GCC_WARN_SHADOW = YES;
				GCC_WARN_UNDECLARED_SELECTOR = YES;
				GCC_WARN_UNINITIALIZED_AUTOS = YES_AGGRESSIVE;
				GCC_WARN_UNUSED_FUNCTION = YES;
				GCC_WARN_UNUSED_VARIABLE = YES;
				MACOSX_DEPLOYMENT_TARGET = 10.14;
				MTL_ENABLE_DEBUG_INFO = NO;
				MTL_FAST_MATH = YES;
				SDKROOT = macosx;
			};
			name = Release;
		};
		59E99DD7218703FF00805C68 /* Debug */ = {
			isa = XCBuildConfiguration;
			buildSettings = {
				CODE_SIGN_STYLE = Automatic;
				DEVELOPMENT_TEAM = S3D34765YM;
				HEADER_SEARCH_PATHS = "";
				PRODUCT_NAME = "$(TARGET_NAME)";
				SYSTEM_HEADER_SEARCH_PATHS = (
					"$(PROJECT_PATH)../../libSysCall/include",
					"$(PROJECT_PATH)../../libdatastruct/include",
					"$(PROJECT_PATH)../../libdatastruct/include/libdatastruct",
					Sel4_Stubs/,
					"$(PROJECT_PATH)../devel/Sel4_Stubs/util_lib/libutils⁩/include⁩/",
				);
				USER_HEADER_SEARCH_PATHS = "";
			};
			name = Debug;
		};
		59E99DD8218703FF00805C68 /* Release */ = {
			isa = XCBuildConfiguration;
			buildSettings = {
				CODE_SIGN_STYLE = Automatic;
				DEVELOPMENT_TEAM = S3D34765YM;
				HEADER_SEARCH_PATHS = "";
				PRODUCT_NAME = "$(TARGET_NAME)";
				SYSTEM_HEADER_SEARCH_PATHS = (
					"$(PROJECT_PATH)../../libSysCall/include",
					"$(PROJECT_PATH)../../libdatastruct/include",
					"$(PROJECT_PATH)../../libdatastruct/include/libdatastruct",
					Sel4_Stubs/,
					"$(PROJECT_PATH)../devel/Sel4_Stubs/util_lib/libutils⁩/include⁩/",
				);
				USER_HEADER_SEARCH_PATHS = "";
			};
			name = Release;
		};
/* End XCBuildConfiguration section */

/* Begin XCConfigurationList section */
		59E99DCA218703FF00805C68 /* Build configuration list for PBXProject "DevelSofaInit" */ = {
			isa = XCConfigurationList;
			buildConfigurations = (
				59E99DD4218703FF00805C68 /* Debug */,
				59E99DD5218703FF00805C68 /* Release */,
			);
			defaultConfigurationIsVisible = 0;
			defaultConfigurationName = Release;
		};
		59E99DD6218703FF00805C68 /* Build configuration list for PBXNativeTarget "DevelSofaInit" */ = {
			isa = XCConfigurationList;
			buildConfigurations = (
				59E99DD7218703FF00805C68 /* Debug */,
				59E99DD8218703FF00805C68 /* Release */,
			);
			defaultConfigurationIsVisible = 0;
			defaultConfigurationName = Release;
		};
/* End XCConfigurationList section */
	};
	rootObject = 59E99DC7218703FF00805C68 /* Project object */;
}
