// !$*UTF8*$!
{
	archiveVersion = 1;
	classes = {
	};
	objectVersion = 50;
	objects = {

/* Begin PBXBuildFile section */
		59F1019D22E9C36F00582980 /* main.c in Sources */ = {isa = PBXBuildFile; fileRef = 59F1019C22E9C36F00582980 /* main.c */; };
		59F101BB22E9C37900582980 /* KObject.c in Sources */ = {isa = PBXBuildFile; fileRef = 59F101B222E9C37900582980 /* KObject.c */; };
		59F101D322E9C9E600582980 /* mocks.c in Sources */ = {isa = PBXBuildFile; fileRef = 59F101D222E9C9E600582980 /* mocks.c */; };
		59F101D422E9CB9E00582980 /* Process.c in Sources */ = {isa = PBXBuildFile; fileRef = 59F101A322E9C37900582980 /* Process.c */; };
/* End PBXBuildFile section */

/* Begin PBXCopyFilesBuildPhase section */
		59F1017122E9C30300582980 /* CopyFiles */ = {
			isa = PBXCopyFilesBuildPhase;
			buildActionMask = 2147483647;
			dstPath = /usr/share/man/man1/;
			dstSubfolderSpec = 0;
			files = (
			);
			runOnlyForDeploymentPostprocessing = 1;
		};
/* End PBXCopyFilesBuildPhase section */

/* Begin PBXFileReference section */
		59F1017322E9C30400582980 /* SofaDevel */ = {isa = PBXFileReference; explicitFileType = "compiled.mach-o.executable"; includeInIndex = 0; path = SofaDevel; sourceTree = BUILT_PRODUCTS_DIR; };
		59F1019C22E9C36F00582980 /* main.c */ = {isa = PBXFileReference; fileEncoding = 4; lastKnownFileType = sourcecode.c.c; path = main.c; sourceTree = "<group>"; };
		59F101A122E9C37900582980 /* Utils.h */ = {isa = PBXFileReference; fileEncoding = 4; lastKnownFileType = sourcecode.c.h; path = Utils.h; sourceTree = "<group>"; };
		59F101A222E9C37900582980 /* Timer.c */ = {isa = PBXFileReference; fileEncoding = 4; lastKnownFileType = sourcecode.c.c; path = Timer.c; sourceTree = "<group>"; };
		59F101A322E9C37900582980 /* Process.c */ = {isa = PBXFileReference; fileEncoding = 4; lastKnownFileType = sourcecode.c.c; path = Process.c; sourceTree = "<group>"; };
		59F101A422E9C37900582980 /* Sofa.h */ = {isa = PBXFileReference; fileEncoding = 4; lastKnownFileType = sourcecode.c.h; path = Sofa.h; sourceTree = "<group>"; };
		59F101A522E9C37900582980 /* ProcessSysCall.c */ = {isa = PBXFileReference; fileEncoding = 4; lastKnownFileType = sourcecode.c.c; path = ProcessSysCall.c; sourceTree = "<group>"; };
		59F101A622E9C37900582980 /* NameServer.c */ = {isa = PBXFileReference; fileEncoding = 4; lastKnownFileType = sourcecode.c.c; path = NameServer.c; sourceTree = "<group>"; };
		59F101A722E9C37900582980 /* Bootstrap.h */ = {isa = PBXFileReference; fileEncoding = 4; lastKnownFileType = sourcecode.c.h; path = Bootstrap.h; sourceTree = "<group>"; };
		59F101A822E9C37900582980 /* Timer.h */ = {isa = PBXFileReference; fileEncoding = 4; lastKnownFileType = sourcecode.c.h; path = Timer.h; sourceTree = "<group>"; };
		59F101A922E9C37900582980 /* Utils.c */ = {isa = PBXFileReference; fileEncoding = 4; lastKnownFileType = sourcecode.c.c; path = Utils.c; sourceTree = "<group>"; };
		59F101AA22E9C37900582980 /* main.c */ = {isa = PBXFileReference; fileEncoding = 4; lastKnownFileType = sourcecode.c.c; path = main.c; sourceTree = "<group>"; };
		59F101AB22E9C37900582980 /* Process.h */ = {isa = PBXFileReference; fileEncoding = 4; lastKnownFileType = sourcecode.c.h; path = Process.h; sourceTree = "<group>"; };
		59F101AC22E9C37900582980 /* ProcessSysCall.h */ = {isa = PBXFileReference; fileEncoding = 4; lastKnownFileType = sourcecode.c.h; path = ProcessSysCall.h; sourceTree = "<group>"; };
		59F101AD22E9C37900582980 /* Bootstrap.c */ = {isa = PBXFileReference; fileEncoding = 4; lastKnownFileType = sourcecode.c.c; path = Bootstrap.c; sourceTree = "<group>"; };
		59F101AF22E9C37900582980 /* utlist.h */ = {isa = PBXFileReference; fileEncoding = 4; lastKnownFileType = sourcecode.c.h; path = utlist.h; sourceTree = "<group>"; };
		59F101B022E9C37900582980 /* KObject.h */ = {isa = PBXFileReference; fileEncoding = 4; lastKnownFileType = sourcecode.c.h; path = KObject.h; sourceTree = "<group>"; };
		59F101B122E9C37900582980 /* uthash.h */ = {isa = PBXFileReference; fileEncoding = 4; lastKnownFileType = sourcecode.c.h; path = uthash.h; sourceTree = "<group>"; };
		59F101B222E9C37900582980 /* KObject.c */ = {isa = PBXFileReference; fileEncoding = 4; lastKnownFileType = sourcecode.c.c; path = KObject.c; sourceTree = "<group>"; };
		59F101B322E9C37900582980 /* NameServer.h */ = {isa = PBXFileReference; fileEncoding = 4; lastKnownFileType = sourcecode.c.h; path = NameServer.h; sourceTree = "<group>"; };
		59F101BE22E9C3C000582980 /* capops.h */ = {isa = PBXFileReference; lastKnownFileType = sourcecode.c.h; path = capops.h; sourceTree = "<group>"; };
		59F101C022E9C4CA00582980 /* local_time_manager.h */ = {isa = PBXFileReference; lastKnownFileType = sourcecode.c.h; path = local_time_manager.h; sourceTree = "<group>"; };
		59F101C122E9C4CA00582980 /* chardev.h */ = {isa = PBXFileReference; lastKnownFileType = sourcecode.c.h; path = chardev.h; sourceTree = "<group>"; };
		59F101C322E9C4CA00582980 /* process.h */ = {isa = PBXFileReference; lastKnownFileType = sourcecode.c.h; path = process.h; sourceTree = "<group>"; };
		59F101C522E9C4CA00582980 /* simple.h */ = {isa = PBXFileReference; lastKnownFileType = sourcecode.c.h; path = simple.h; sourceTree = "<group>"; };
		59F101C722E9C4CA00582980 /* vka.h */ = {isa = PBXFileReference; lastKnownFileType = sourcecode.c.h; path = vka.h; sourceTree = "<group>"; };
		59F101C922E9C4CA00582980 /* types.h */ = {isa = PBXFileReference; lastKnownFileType = sourcecode.c.h; path = types.h; sourceTree = "<group>"; };
		59F101CA22E9C4CA00582980 /* sel4.h */ = {isa = PBXFileReference; lastKnownFileType = sourcecode.c.h; path = sel4.h; sourceTree = "<group>"; };
		59F101CB22E9C4CF00582980 /* object.h */ = {isa = PBXFileReference; lastKnownFileType = sourcecode.c.h; path = object.h; sourceTree = "<group>"; };
		59F101CC22E9C5A600582980 /* time_manager.h */ = {isa = PBXFileReference; lastKnownFileType = sourcecode.c.h; path = time_manager.h; sourceTree = "<group>"; };
		59F101CE22E9C5CA00582980 /* timer.h */ = {isa = PBXFileReference; lastKnownFileType = sourcecode.c.h; path = timer.h; sourceTree = "<group>"; };
		59F101CF22E9C5CA00582980 /* io.h */ = {isa = PBXFileReference; lastKnownFileType = sourcecode.c.h; path = io.h; sourceTree = "<group>"; };
		59F101D122E9C68600582980 /* list.h */ = {isa = PBXFileReference; lastKnownFileType = sourcecode.c.h; path = list.h; sourceTree = "<group>"; };
		59F101D222E9C9E600582980 /* mocks.c */ = {isa = PBXFileReference; lastKnownFileType = sourcecode.c.c; path = mocks.c; sourceTree = "<group>"; };
/* End PBXFileReference section */

/* Begin PBXFrameworksBuildPhase section */
		59F1017022E9C30300582980 /* Frameworks */ = {
			isa = PBXFrameworksBuildPhase;
			buildActionMask = 2147483647;
			files = (
			);
			runOnlyForDeploymentPostprocessing = 0;
		};
/* End PBXFrameworksBuildPhase section */

/* Begin PBXGroup section */
		59F1016A22E9C30300582980 = {
			isa = PBXGroup;
			children = (
				59F101BC22E9C39D00582980 /* stubs */,
				59F1019E22E9C37900582980 /* kernel_task */,
				59F1019B22E9C36F00582980 /* src */,
				59F1017422E9C30400582980 /* Products */,
			);
			sourceTree = "<group>";
		};
		59F1017422E9C30400582980 /* Products */ = {
			isa = PBXGroup;
			children = (
				59F1017322E9C30400582980 /* SofaDevel */,
			);
			name = Products;
			sourceTree = "<group>";
		};
		59F1019B22E9C36F00582980 /* src */ = {
			isa = PBXGroup;
			children = (
				59F1019C22E9C36F00582980 /* main.c */,
			);
			path = src;
			sourceTree = "<group>";
		};
		59F1019E22E9C37900582980 /* kernel_task */ = {
			isa = PBXGroup;
			children = (
				59F101A022E9C37900582980 /* src */,
			);
			name = kernel_task;
			path = ../projects/kernel_task;
			sourceTree = "<group>";
		};
		59F101A022E9C37900582980 /* src */ = {
			isa = PBXGroup;
			children = (
				59F101A122E9C37900582980 /* Utils.h */,
				59F101A922E9C37900582980 /* Utils.c */,
				59F101A822E9C37900582980 /* Timer.h */,
				59F101A222E9C37900582980 /* Timer.c */,
				59F101A422E9C37900582980 /* Sofa.h */,
				59F101B322E9C37900582980 /* NameServer.h */,
				59F101A622E9C37900582980 /* NameServer.c */,
				59F101A722E9C37900582980 /* Bootstrap.h */,
				59F101AD22E9C37900582980 /* Bootstrap.c */,
				59F101AA22E9C37900582980 /* main.c */,
				59F101AB22E9C37900582980 /* Process.h */,
				59F101A322E9C37900582980 /* Process.c */,
				59F101AC22E9C37900582980 /* ProcessSysCall.h */,
				59F101A522E9C37900582980 /* ProcessSysCall.c */,
				59F101AE22E9C37900582980 /* KObject */,
			);
			path = src;
			sourceTree = "<group>";
		};
		59F101AE22E9C37900582980 /* KObject */ = {
			isa = PBXGroup;
			children = (
				59F101AF22E9C37900582980 /* utlist.h */,
				59F101B022E9C37900582980 /* KObject.h */,
				59F101B122E9C37900582980 /* uthash.h */,
				59F101B222E9C37900582980 /* KObject.c */,
			);
			path = KObject;
			sourceTree = "<group>";
		};
		59F101BC22E9C39D00582980 /* stubs */ = {
			isa = PBXGroup;
			children = (
				59F101D222E9C9E600582980 /* mocks.c */,
				59F101D022E9C68600582980 /* utils */,
				59F101CD22E9C5CA00582980 /* sel4platsupport */,
				59F101C622E9C4CA00582980 /* allocman */,
				59F101BF22E9C4CA00582980 /* platsupport */,
				59F101C822E9C4CA00582980 /* sel4 */,
				59F101C222E9C4CA00582980 /* sel4utils */,
				59F101C422E9C4CA00582980 /* simple */,
				59F101BD22E9C3C000582980 /* vka */,
			);
			path = stubs;
			sourceTree = "<group>";
		};
		59F101BD22E9C3C000582980 /* vka */ = {
			isa = PBXGroup;
			children = (
				59F101BE22E9C3C000582980 /* capops.h */,
				59F101CB22E9C4CF00582980 /* object.h */,
			);
			path = vka;
			sourceTree = "<group>";
		};
		59F101BF22E9C4CA00582980 /* platsupport */ = {
			isa = PBXGroup;
			children = (
				59F101CC22E9C5A600582980 /* time_manager.h */,
				59F101C022E9C4CA00582980 /* local_time_manager.h */,
				59F101C122E9C4CA00582980 /* chardev.h */,
			);
			path = platsupport;
			sourceTree = "<group>";
		};
		59F101C222E9C4CA00582980 /* sel4utils */ = {
			isa = PBXGroup;
			children = (
				59F101C322E9C4CA00582980 /* process.h */,
			);
			path = sel4utils;
			sourceTree = "<group>";
		};
		59F101C422E9C4CA00582980 /* simple */ = {
			isa = PBXGroup;
			children = (
				59F101C522E9C4CA00582980 /* simple.h */,
			);
			path = simple;
			sourceTree = "<group>";
		};
		59F101C622E9C4CA00582980 /* allocman */ = {
			isa = PBXGroup;
			children = (
				59F101C722E9C4CA00582980 /* vka.h */,
			);
			path = allocman;
			sourceTree = "<group>";
		};
		59F101C822E9C4CA00582980 /* sel4 */ = {
			isa = PBXGroup;
			children = (
				59F101C922E9C4CA00582980 /* types.h */,
				59F101CA22E9C4CA00582980 /* sel4.h */,
			);
			path = sel4;
			sourceTree = "<group>";
		};
		59F101CD22E9C5CA00582980 /* sel4platsupport */ = {
			isa = PBXGroup;
			children = (
				59F101CE22E9C5CA00582980 /* timer.h */,
				59F101CF22E9C5CA00582980 /* io.h */,
			);
			path = sel4platsupport;
			sourceTree = "<group>";
		};
		59F101D022E9C68600582980 /* utils */ = {
			isa = PBXGroup;
			children = (
				59F101D122E9C68600582980 /* list.h */,
			);
			path = utils;
			sourceTree = "<group>";
		};
/* End PBXGroup section */

/* Begin PBXNativeTarget section */
		59F1017222E9C30300582980 /* SofaDevel */ = {
			isa = PBXNativeTarget;
			buildConfigurationList = 59F1017A22E9C30400582980 /* Build configuration list for PBXNativeTarget "SofaDevel" */;
			buildPhases = (
				59F1016F22E9C30300582980 /* Sources */,
				59F1017022E9C30300582980 /* Frameworks */,
				59F1017122E9C30300582980 /* CopyFiles */,
			);
			buildRules = (
			);
			dependencies = (
			);
			name = SofaDevel;
			productName = SofaDevel;
			productReference = 59F1017322E9C30400582980 /* SofaDevel */;
			productType = "com.apple.product-type.tool";
		};
/* End PBXNativeTarget section */

/* Begin PBXProject section */
		59F1016B22E9C30300582980 /* Project object */ = {
			isa = PBXProject;
			attributes = {
				LastUpgradeCheck = 1020;
				ORGANIZATIONNAME = "Manuel Deneu";
				TargetAttributes = {
					59F1017222E9C30300582980 = {
						CreatedOnToolsVersion = 10.2.1;
					};
				};
			};
			buildConfigurationList = 59F1016E22E9C30300582980 /* Build configuration list for PBXProject "SofaDevel" */;
			compatibilityVersion = "Xcode 9.3";
			developmentRegion = en;
			hasScannedForEncodings = 0;
			knownRegions = (
				en,
			);
			mainGroup = 59F1016A22E9C30300582980;
			productRefGroup = 59F1017422E9C30400582980 /* Products */;
			projectDirPath = "";
			projectRoot = "";
			targets = (
				59F1017222E9C30300582980 /* SofaDevel */,
			);
		};
/* End PBXProject section */

/* Begin PBXSourcesBuildPhase section */
		59F1016F22E9C30300582980 /* Sources */ = {
			isa = PBXSourcesBuildPhase;
			buildActionMask = 2147483647;
			files = (
				59F101BB22E9C37900582980 /* KObject.c in Sources */,
				59F101D422E9CB9E00582980 /* Process.c in Sources */,
				59F101D322E9C9E600582980 /* mocks.c in Sources */,
				59F1019D22E9C36F00582980 /* main.c in Sources */,
			);
			runOnlyForDeploymentPostprocessing = 0;
		};
/* End PBXSourcesBuildPhase section */

/* Begin XCBuildConfiguration section */
		59F1017822E9C30400582980 /* Debug */ = {
			isa = XCBuildConfiguration;
			buildSettings = {
				ALWAYS_SEARCH_USER_PATHS = NO;
				CLANG_ANALYZER_NONNULL = YES;
				CLANG_ANALYZER_NUMBER_OBJECT_CONVERSION = YES_AGGRESSIVE;
				CLANG_CXX_LANGUAGE_STANDARD = "gnu++14";
				CLANG_CXX_LIBRARY = "libc++";
				CLANG_ENABLE_MODULES = YES;
				CLANG_ENABLE_OBJC_ARC = YES;
				CLANG_ENABLE_OBJC_WEAK = YES;
				CLANG_WARN_BLOCK_CAPTURE_AUTORELEASING = YES;
				CLANG_WARN_BOOL_CONVERSION = YES;
				CLANG_WARN_COMMA = YES;
				CLANG_WARN_CONSTANT_CONVERSION = YES;
				CLANG_WARN_DEPRECATED_OBJC_IMPLEMENTATIONS = YES;
				CLANG_WARN_DIRECT_OBJC_ISA_USAGE = YES_ERROR;
				CLANG_WARN_DOCUMENTATION_COMMENTS = YES;
				CLANG_WARN_EMPTY_BODY = YES;
				CLANG_WARN_ENUM_CONVERSION = YES;
				CLANG_WARN_INFINITE_RECURSION = YES;
				CLANG_WARN_INT_CONVERSION = YES;
				CLANG_WARN_NON_LITERAL_NULL_CONVERSION = YES;
				CLANG_WARN_OBJC_IMPLICIT_RETAIN_SELF = YES;
				CLANG_WARN_OBJC_LITERAL_CONVERSION = YES;
				CLANG_WARN_OBJC_ROOT_CLASS = YES_ERROR;
				CLANG_WARN_RANGE_LOOP_ANALYSIS = YES;
				CLANG_WARN_STRICT_PROTOTYPES = YES;
				CLANG_WARN_SUSPICIOUS_MOVE = YES;
				CLANG_WARN_UNGUARDED_AVAILABILITY = YES_AGGRESSIVE;
				CLANG_WARN_UNREACHABLE_CODE = YES;
				CLANG_WARN__DUPLICATE_METHOD_MATCH = YES;
				CODE_SIGN_IDENTITY = "-";
				COPY_PHASE_STRIP = NO;
				DEBUG_INFORMATION_FORMAT = dwarf;
				ENABLE_STRICT_OBJC_MSGSEND = YES;
				ENABLE_TESTABILITY = YES;
				GCC_C_LANGUAGE_STANDARD = gnu11;
				GCC_DYNAMIC_NO_PIC = NO;
				GCC_NO_COMMON_BLOCKS = YES;
				GCC_OPTIMIZATION_LEVEL = 0;
				GCC_PREPROCESSOR_DEFINITIONS = (
					"DEBUG=1",
					"$(inherited)",
				);
				GCC_WARN_64_TO_32_BIT_CONVERSION = YES;
				GCC_WARN_ABOUT_RETURN_TYPE = YES_ERROR;
				GCC_WARN_UNDECLARED_SELECTOR = YES;
				GCC_WARN_UNINITIALIZED_AUTOS = YES_AGGRESSIVE;
				GCC_WARN_UNUSED_FUNCTION = YES;
				GCC_WARN_UNUSED_VARIABLE = YES;
				MACOSX_DEPLOYMENT_TARGET = 10.14;
				MTL_ENABLE_DEBUG_INFO = INCLUDE_SOURCE;
				MTL_FAST_MATH = YES;
				ONLY_ACTIVE_ARCH = YES;
				SDKROOT = macosx;
			};
			name = Debug;
		};
		59F1017922E9C30400582980 /* Release */ = {
			isa = XCBuildConfiguration;
			buildSettings = {
				ALWAYS_SEARCH_USER_PATHS = NO;
				CLANG_ANALYZER_NONNULL = YES;
				CLANG_ANALYZER_NUMBER_OBJECT_CONVERSION = YES_AGGRESSIVE;
				CLANG_CXX_LANGUAGE_STANDARD = "gnu++14";
				CLANG_CXX_LIBRARY = "libc++";
				CLANG_ENABLE_MODULES = YES;
				CLANG_ENABLE_OBJC_ARC = YES;
				CLANG_ENABLE_OBJC_WEAK = YES;
				CLANG_WARN_BLOCK_CAPTURE_AUTORELEASING = YES;
				CLANG_WARN_BOOL_CONVERSION = YES;
				CLANG_WARN_COMMA = YES;
				CLANG_WARN_CONSTANT_CONVERSION = YES;
				CLANG_WARN_DEPRECATED_OBJC_IMPLEMENTATIONS = YES;
				CLANG_WARN_DIRECT_OBJC_ISA_USAGE = YES_ERROR;
				CLANG_WARN_DOCUMENTATION_COMMENTS = YES;
				CLANG_WARN_EMPTY_BODY = YES;
				CLANG_WARN_ENUM_CONVERSION = YES;
				CLANG_WARN_INFINITE_RECURSION = YES;
				CLANG_WARN_INT_CONVERSION = YES;
				CLANG_WARN_NON_LITERAL_NULL_CONVERSION = YES;
				CLANG_WARN_OBJC_IMPLICIT_RETAIN_SELF = YES;
				CLANG_WARN_OBJC_LITERAL_CONVERSION = YES;
				CLANG_WARN_OBJC_ROOT_CLASS = YES_ERROR;
				CLANG_WARN_RANGE_LOOP_ANALYSIS = YES;
				CLANG_WARN_STRICT_PROTOTYPES = YES;
				CLANG_WARN_SUSPICIOUS_MOVE = YES;
				CLANG_WARN_UNGUARDED_AVAILABILITY = YES_AGGRESSIVE;
				CLANG_WARN_UNREACHABLE_CODE = YES;
				CLANG_WARN__DUPLICATE_METHOD_MATCH = YES;
				CODE_SIGN_IDENTITY = "-";
				COPY_PHASE_STRIP = NO;
				DEBUG_INFORMATION_FORMAT = "dwarf-with-dsym";
				ENABLE_NS_ASSERTIONS = NO;
				ENABLE_STRICT_OBJC_MSGSEND = YES;
				GCC_C_LANGUAGE_STANDARD = gnu11;
				GCC_NO_COMMON_BLOCKS = YES;
				GCC_WARN_64_TO_32_BIT_CONVERSION = YES;
				GCC_WARN_ABOUT_RETURN_TYPE = YES_ERROR;
				GCC_WARN_UNDECLARED_SELECTOR = YES;
				GCC_WARN_UNINITIALIZED_AUTOS = YES_AGGRESSIVE;
				GCC_WARN_UNUSED_FUNCTION = YES;
				GCC_WARN_UNUSED_VARIABLE = YES;
				MACOSX_DEPLOYMENT_TARGET = 10.14;
				MTL_ENABLE_DEBUG_INFO = NO;
				MTL_FAST_MATH = YES;
				SDKROOT = macosx;
			};
			name = Release;
		};
		59F1017B22E9C30400582980 /* Debug */ = {
			isa = XCBuildConfiguration;
			buildSettings = {
				CODE_SIGN_STYLE = Automatic;
				HEADER_SEARCH_PATHS = $PROJECT_DIR/../projects/kernel_task/src/;
				OTHER_CFLAGS = (
					"-DKERNEL_TASK",
					"-DTEST_ONLY",
				);
				PRODUCT_NAME = "$(TARGET_NAME)";
				SYSTEM_HEADER_SEARCH_PATHS = (
					$PROJECT_DIR/stubs/,
					$PROJECT_DIR/../projects/libSysCall/include/,
				);
			};
			name = Debug;
		};
		59F1017C22E9C30400582980 /* Release */ = {
			isa = XCBuildConfiguration;
			buildSettings = {
				CODE_SIGN_STYLE = Automatic;
				HEADER_SEARCH_PATHS = $PROJECT_DIR/../projects/kernel_task/src/;
				OTHER_CFLAGS = (
					"-DKERNEL_TASK",
					"-DTEST_ONLY",
				);
				PRODUCT_NAME = "$(TARGET_NAME)";
				SYSTEM_HEADER_SEARCH_PATHS = (
					$PROJECT_DIR/stubs/,
					$PROJECT_DIR/../projects/libSysCall/include/,
				);
			};
			name = Release;
		};
/* End XCBuildConfiguration section */

/* Begin XCConfigurationList section */
		59F1016E22E9C30300582980 /* Build configuration list for PBXProject "SofaDevel" */ = {
			isa = XCConfigurationList;
			buildConfigurations = (
				59F1017822E9C30400582980 /* Debug */,
				59F1017922E9C30400582980 /* Release */,
			);
			defaultConfigurationIsVisible = 0;
			defaultConfigurationName = Release;
		};
		59F1017A22E9C30400582980 /* Build configuration list for PBXNativeTarget "SofaDevel" */ = {
			isa = XCConfigurationList;
			buildConfigurations = (
				59F1017B22E9C30400582980 /* Debug */,
				59F1017C22E9C30400582980 /* Release */,
			);
			defaultConfigurationIsVisible = 0;
			defaultConfigurationName = Release;
		};
/* End XCConfigurationList section */
	};
	rootObject = 59F1016B22E9C30300582980 /* Project object */;
}
